github.com/kr/pretty v0.3.1 h1:flRD4NNwYAUpkphVc1HcthR4KEIFJ65n8Mw5qdRn3LE=
github.com/kr/text v0.2.0 h1:5Nx0Ya0ZqY2ygV366QzturHI13Jq95ApcVaJBhpS+AY=
github.com/rogpeppe/go-internal v1.9.0 h1:73kH8U+JUqXU8lRuOHeVHaa/SZPifC7BkcraZVejAe8=
github.com/vault-thirteen/auxie v0.18.1 h1:fEXXFl5nbmCE7r1RuxfcRaj8ecFZcTSmIheP1D4/3AE=
github.com/vault-thirteen/auxie v0.18.1/go.mod h1:Lux+qciKoin+mNgTLVvsczeJ1KcLqfM9PGPqBeAZbDY=
github.com/vault-thirteen/errorz v1.2.0 h1:i2w9yHqYrsqOWyVPVMeEfv1TIATULW8PxnRGhySeyZ8=
github.com/vault-thirteen/errorz v1.2.0/go.mod h1:+1mqgPir0fmbjS/MmElLOouoNycetmwtYdmmbjQI9PI=
github.com/vault-thirteen/tester v1.2.0 h1:eUfPZqS5bXbQ+6Zed9EceN3ddsOBBMZoU0y+/eJV8cc=
golang.org/x/sys v0.15.0 h1:h48lPFYpsTvQJZF4EKyI4aLHaev3CxivZmv7yZig9pc=
golang.org/x/sys v0.15.0/go.mod h1:/VUhepiaJMQUp4+oa/7Zr1D23ma6VTLIYjOOTFZPUcA=
